
Microsoft Visual Studio Solution File, Format Version 12.00
# Visual Studio 15
VisualStudioVersion = 15.0.26124.0
MinimumVisualStudioVersion = 15.0.26124.0
Project("{FAE04EC0-301F-11D3-BF4B-00C04F79EFBC}") = "TwoDrive.Domain", "TwoDrive.Domain\TwoDrive.Domain.csproj", "{A0947E7E-FD77-48F2-A036-12520EF72304}"
EndProject
Project("{FAE04EC0-301F-11D3-BF4B-00C04F79EFBC}") = "TwoDrive.DataAccess.Interface", "TwoDrive.DataAccess.Interface\TwoDrive.DataAccess.Interface.csproj", "{4E78ACB2-8E8A-4012-A751-19B58062EEED}"
EndProject
Project("{FAE04EC0-301F-11D3-BF4B-00C04F79EFBC}") = "TwoDrive.DataAccess", "TwoDrive.DataAccess\TwoDrive.DataAccess.csproj", "{456D6EA5-A30D-466E-B94E-6889858DBC67}"
EndProject
Project("{FAE04EC0-301F-11D3-BF4B-00C04F79EFBC}") = "TwoDrive.BusinessLogic.Interfaces", "TwoDrive.BusinessLogic.Interface\TwoDrive.BusinessLogic.Interfaces.csproj", "{404E61D0-E682-49E9-B7A9-21140D500262}"
EndProject
Project("{FAE04EC0-301F-11D3-BF4B-00C04F79EFBC}") = "TwoDrive.BusinessLogic", "TwoDrive.BusinessLogic\TwoDrive.BusinessLogic.csproj", "{598A9926-B0C7-420C-A963-A5E91BE196C7}"
EndProject
Project("{FAE04EC0-301F-11D3-BF4B-00C04F79EFBC}") = "TwoDrive.BusinessLogic.Test", "TwoDrive.BusinessLogic.Test\TwoDrive.BusinessLogic.Test.csproj", "{F663CE3E-7DD2-4C4E-B24E-35A00829B3C3}"
EndProject
Global
	GlobalSection(SolutionConfigurationPlatforms) = preSolution
		Debug|Any CPU = Debug|Any CPU
		Debug|x64 = Debug|x64
		Debug|x86 = Debug|x86
		Release|Any CPU = Release|Any CPU
		Release|x64 = Release|x64
		Release|x86 = Release|x86
	EndGlobalSection
	GlobalSection(SolutionProperties) = preSolution
		HideSolutionNode = FALSE
	EndGlobalSection
	GlobalSection(ProjectConfigurationPlatforms) = postSolution
		{A0947E7E-FD77-48F2-A036-12520EF72304}.Debug|Any CPU.ActiveCfg = Debug|Any CPU
		{A0947E7E-FD77-48F2-A036-12520EF72304}.Debug|Any CPU.Build.0 = Debug|Any CPU
		{A0947E7E-FD77-48F2-A036-12520EF72304}.Debug|x64.ActiveCfg = Debug|Any CPU
		{A0947E7E-FD77-48F2-A036-12520EF72304}.Debug|x64.Build.0 = Debug|Any CPU
		{A0947E7E-FD77-48F2-A036-12520EF72304}.Debug|x86.ActiveCfg = Debug|Any CPU
		{A0947E7E-FD77-48F2-A036-12520EF72304}.Debug|x86.Build.0 = Debug|Any CPU
		{A0947E7E-FD77-48F2-A036-12520EF72304}.Release|Any CPU.ActiveCfg = Release|Any CPU
		{A0947E7E-FD77-48F2-A036-12520EF72304}.Release|Any CPU.Build.0 = Release|Any CPU
		{A0947E7E-FD77-48F2-A036-12520EF72304}.Release|x64.ActiveCfg = Release|Any CPU
		{A0947E7E-FD77-48F2-A036-12520EF72304}.Release|x64.Build.0 = Release|Any CPU
		{A0947E7E-FD77-48F2-A036-12520EF72304}.Release|x86.ActiveCfg = Release|Any CPU
		{A0947E7E-FD77-48F2-A036-12520EF72304}.Release|x86.Build.0 = Release|Any CPU
		{4E78ACB2-8E8A-4012-A751-19B58062EEED}.Debug|Any CPU.ActiveCfg = Debug|Any CPU
		{4E78ACB2-8E8A-4012-A751-19B58062EEED}.Debug|Any CPU.Build.0 = Debug|Any CPU
		{4E78ACB2-8E8A-4012-A751-19B58062EEED}.Debug|x64.ActiveCfg = Debug|Any CPU
		{4E78ACB2-8E8A-4012-A751-19B58062EEED}.Debug|x64.Build.0 = Debug|Any CPU
		{4E78ACB2-8E8A-4012-A751-19B58062EEED}.Debug|x86.ActiveCfg = Debug|Any CPU
		{4E78ACB2-8E8A-4012-A751-19B58062EEED}.Debug|x86.Build.0 = Debug|Any CPU
		{4E78ACB2-8E8A-4012-A751-19B58062EEED}.Release|Any CPU.ActiveCfg = Release|Any CPU
		{4E78ACB2-8E8A-4012-A751-19B58062EEED}.Release|Any CPU.Build.0 = Release|Any CPU
		{4E78ACB2-8E8A-4012-A751-19B58062EEED}.Release|x64.ActiveCfg = Release|Any CPU
		{4E78ACB2-8E8A-4012-A751-19B58062EEED}.Release|x64.Build.0 = Release|Any CPU
		{4E78ACB2-8E8A-4012-A751-19B58062EEED}.Release|x86.ActiveCfg = Release|Any CPU
		{4E78ACB2-8E8A-4012-A751-19B58062EEED}.Release|x86.Build.0 = Release|Any CPU
		{456D6EA5-A30D-466E-B94E-6889858DBC67}.Debug|Any CPU.ActiveCfg = Debug|Any CPU
		{456D6EA5-A30D-466E-B94E-6889858DBC67}.Debug|Any CPU.Build.0 = Debug|Any CPU
		{456D6EA5-A30D-466E-B94E-6889858DBC67}.Debug|x64.ActiveCfg = Debug|Any CPU
		{456D6EA5-A30D-466E-B94E-6889858DBC67}.Debug|x64.Build.0 = Debug|Any CPU
		{456D6EA5-A30D-466E-B94E-6889858DBC67}.Debug|x86.ActiveCfg = Debug|Any CPU
		{456D6EA5-A30D-466E-B94E-6889858DBC67}.Debug|x86.Build.0 = Debug|Any CPU
		{456D6EA5-A30D-466E-B94E-6889858DBC67}.Release|Any CPU.ActiveCfg = Release|Any CPU
		{456D6EA5-A30D-466E-B94E-6889858DBC67}.Release|Any CPU.Build.0 = Release|Any CPU
		{456D6EA5-A30D-466E-B94E-6889858DBC67}.Release|x64.ActiveCfg = Release|Any CPU
		{456D6EA5-A30D-466E-B94E-6889858DBC67}.Release|x64.Build.0 = Release|Any CPU
		{456D6EA5-A30D-466E-B94E-6889858DBC67}.Release|x86.ActiveCfg = Release|Any CPU
		{456D6EA5-A30D-466E-B94E-6889858DBC67}.Release|x86.Build.0 = Release|Any CPU
		{404E61D0-E682-49E9-B7A9-21140D500262}.Debug|Any CPU.ActiveCfg = Debug|Any CPU
		{404E61D0-E682-49E9-B7A9-21140D500262}.Debug|Any CPU.Build.0 = Debug|Any CPU
		{404E61D0-E682-49E9-B7A9-21140D500262}.Debug|x64.ActiveCfg = Debug|Any CPU
		{404E61D0-E682-49E9-B7A9-21140D500262}.Debug|x64.Build.0 = Debug|Any CPU
		{404E61D0-E682-49E9-B7A9-21140D500262}.Debug|x86.ActiveCfg = Debug|Any CPU
		{404E61D0-E682-49E9-B7A9-21140D500262}.Debug|x86.Build.0 = Debug|Any CPU
		{404E61D0-E682-49E9-B7A9-21140D500262}.Release|Any CPU.ActiveCfg = Release|Any CPU
		{404E61D0-E682-49E9-B7A9-21140D500262}.Release|Any CPU.Build.0 = Release|Any CPU
		{404E61D0-E682-49E9-B7A9-21140D500262}.Release|x64.ActiveCfg = Release|Any CPU
		{404E61D0-E682-49E9-B7A9-21140D500262}.Release|x64.Build.0 = Release|Any CPU
		{404E61D0-E682-49E9-B7A9-21140D500262}.Release|x86.ActiveCfg = Release|Any CPU
		{404E61D0-E682-49E9-B7A9-21140D500262}.Release|x86.Build.0 = Release|Any CPU
		{598A9926-B0C7-420C-A963-A5E91BE196C7}.Debug|Any CPU.ActiveCfg = Debug|Any CPU
		{598A9926-B0C7-420C-A963-A5E91BE196C7}.Debug|Any CPU.Build.0 = Debug|Any CPU
		{598A9926-B0C7-420C-A963-A5E91BE196C7}.Debug|x64.ActiveCfg = Debug|Any CPU
		{598A9926-B0C7-420C-A963-A5E91BE196C7}.Debug|x64.Build.0 = Debug|Any CPU
		{598A9926-B0C7-420C-A963-A5E91BE196C7}.Debug|x86.ActiveCfg = Debug|Any CPU
		{598A9926-B0C7-420C-A963-A5E91BE196C7}.Debug|x86.Build.0 = Debug|Any CPU
		{598A9926-B0C7-420C-A963-A5E91BE196C7}.Release|Any CPU.ActiveCfg = Release|Any CPU
		{598A9926-B0C7-420C-A963-A5E91BE196C7}.Release|Any CPU.Build.0 = Release|Any CPU
		{598A9926-B0C7-420C-A963-A5E91BE196C7}.Release|x64.ActiveCfg = Release|Any CPU
		{598A9926-B0C7-420C-A963-A5E91BE196C7}.Release|x64.Build.0 = Release|Any CPU
		{598A9926-B0C7-420C-A963-A5E91BE196C7}.Release|x86.ActiveCfg = Release|Any CPU
		{598A9926-B0C7-420C-A963-A5E91BE196C7}.Release|x86.Build.0 = Release|Any CPU
		{F663CE3E-7DD2-4C4E-B24E-35A00829B3C3}.Debug|Any CPU.ActiveCfg = Debug|Any CPU
		{F663CE3E-7DD2-4C4E-B24E-35A00829B3C3}.Debug|Any CPU.Build.0 = Debug|Any CPU
		{F663CE3E-7DD2-4C4E-B24E-35A00829B3C3}.Debug|x64.ActiveCfg = Debug|Any CPU
		{F663CE3E-7DD2-4C4E-B24E-35A00829B3C3}.Debug|x64.Build.0 = Debug|Any CPU
		{F663CE3E-7DD2-4C4E-B24E-35A00829B3C3}.Debug|x86.ActiveCfg = Debug|Any CPU
		{F663CE3E-7DD2-4C4E-B24E-35A00829B3C3}.Debug|x86.Build.0 = Debug|Any CPU
		{F663CE3E-7DD2-4C4E-B24E-35A00829B3C3}.Release|Any CPU.ActiveCfg = Release|Any CPU
		{F663CE3E-7DD2-4C4E-B24E-35A00829B3C3}.Release|Any CPU.Build.0 = Release|Any CPU
		{F663CE3E-7DD2-4C4E-B24E-35A00829B3C3}.Release|x64.ActiveCfg = Release|Any CPU
		{F663CE3E-7DD2-4C4E-B24E-35A00829B3C3}.Release|x64.Build.0 = Release|Any CPU
		{F663CE3E-7DD2-4C4E-B24E-35A00829B3C3}.Release|x86.ActiveCfg = Release|Any CPU
		{F663CE3E-7DD2-4C4E-B24E-35A00829B3C3}.Release|x86.Build.0 = Release|Any CPU
	EndGlobalSection
EndGlobal
