
Microsoft Visual Studio Solution File, Format Version 12.00
# Visual Studio 15
VisualStudioVersion = 15.0.26124.0
MinimumVisualStudioVersion = 15.0.26124.0
Project("{9A19103F-16F7-4668-BE54-9A1E7A4F7556}") = "TwoDrive.Domain", "TwoDrive.Domain\TwoDrive.Domain.csproj", "{A0947E7E-FD77-48F2-A036-12520EF72304}"
EndProject
Project("{9A19103F-16F7-4668-BE54-9A1E7A4F7556}") = "TwoDrive.DataAccess.Interface", "TwoDrive.DataAccess.Interface\TwoDrive.DataAccess.Interface.csproj", "{4E78ACB2-8E8A-4012-A751-19B58062EEED}"
EndProject
Project("{9A19103F-16F7-4668-BE54-9A1E7A4F7556}") = "TwoDrive.DataAccess", "TwoDrive.DataAccess\TwoDrive.DataAccess.csproj", "{456D6EA5-A30D-466E-B94E-6889858DBC67}"
EndProject
Project("{9A19103F-16F7-4668-BE54-9A1E7A4F7556}") = "TwoDrive.BusinessLogic.Interfaces", "TwoDrive.BusinessLogic.Interface\TwoDrive.BusinessLogic.Interfaces.csproj", "{404E61D0-E682-49E9-B7A9-21140D500262}"
EndProject
Project("{9A19103F-16F7-4668-BE54-9A1E7A4F7556}") = "TwoDrive.BusinessLogic", "TwoDrive.BusinessLogic\TwoDrive.BusinessLogic.csproj", "{598A9926-B0C7-420C-A963-A5E91BE196C7}"
EndProject
Project("{9A19103F-16F7-4668-BE54-9A1E7A4F7556}") = "TwoDrive.BusinessLogic.Test", "TwoDrive.BusinessLogic.Test\TwoDrive.BusinessLogic.Test.csproj", "{F663CE3E-7DD2-4C4E-B24E-35A00829B3C3}"
EndProject
Project("{9A19103F-16F7-4668-BE54-9A1E7A4F7556}") = "TwoDrive.DataAccess.Tests", "TwoDrive.DataAccess.Tests\TwoDrive.DataAccess.Tests.csproj", "{A4FEA2B6-A5BF-4E16-BA52-B490B1478EED}"
EndProject
Project("{9A19103F-16F7-4668-BE54-9A1E7A4F7556}") = "TwoDrive.WebApi", "TwoDrive.WebApi\TwoDrive.WebApi.csproj", "{2F7742A4-9A97-4FC6-BBC4-8D0EB4B71657}"
EndProject
Project("{9A19103F-16F7-4668-BE54-9A1E7A4F7556}") = "TwoDrive.WebApi.Test", "TwoDrive.WebApi.Test\TwoDrive.WebApi.Test.csproj", "{0A18B712-C0D8-47F8-9749-E4DC35D6FBC5}"
EndProject
Project("{9A19103F-16F7-4668-BE54-9A1E7A4F7556}") = "TwoDrive.Domain.Interface", "TwoDrive.Domain.Interface\TwoDrive.Domain.Interface.csproj", "{DE1A1B44-03D2-4B3B-A555-48928C5CC32C}"
EndProject
Project("{FAE04EC0-301F-11D3-BF4B-00C04F79EFBC}") = "TwoDrive.Importer.Interface", "TwoDrive.Formatter.Interface\TwoDrive.Importer.Interface.csproj", "{385789AC-1EC2-4CF2-B083-41B41201EDAE}"
EndProject
Project("{FAE04EC0-301F-11D3-BF4B-00C04F79EFBC}") = "TwoDrive.Importer", "TwoDrive.Formatters\TwoDrive.Importer.csproj", "{1EE179AC-871E-49D0-84A9-84F66E474D2F}"
EndProject
Project("{FAE04EC0-301F-11D3-BF4B-00C04F79EFBC}") = "TwoDrive.Importer.Test", "TwoDrive.Formatter.Test\TwoDrive.Importer.Test.csproj", "{9ACD403E-1C87-4C86-96C8-BBC1A324996E}"
EndProject
Global
	GlobalSection(SolutionConfigurationPlatforms) = preSolution
		Debug|Any CPU = Debug|Any CPU
		Debug|x64 = Debug|x64
		Debug|x86 = Debug|x86
		Release|Any CPU = Release|Any CPU
		Release|x64 = Release|x64
		Release|x86 = Release|x86
	EndGlobalSection
	GlobalSection(ProjectConfigurationPlatforms) = postSolution
		{A0947E7E-FD77-48F2-A036-12520EF72304}.Debug|Any CPU.ActiveCfg = Debug|Any CPU
		{A0947E7E-FD77-48F2-A036-12520EF72304}.Debug|Any CPU.Build.0 = Debug|Any CPU
		{A0947E7E-FD77-48F2-A036-12520EF72304}.Debug|x64.ActiveCfg = Debug|Any CPU
		{A0947E7E-FD77-48F2-A036-12520EF72304}.Debug|x64.Build.0 = Debug|Any CPU
		{A0947E7E-FD77-48F2-A036-12520EF72304}.Debug|x86.ActiveCfg = Debug|Any CPU
		{A0947E7E-FD77-48F2-A036-12520EF72304}.Debug|x86.Build.0 = Debug|Any CPU
		{A0947E7E-FD77-48F2-A036-12520EF72304}.Release|Any CPU.ActiveCfg = Release|Any CPU
		{A0947E7E-FD77-48F2-A036-12520EF72304}.Release|Any CPU.Build.0 = Release|Any CPU
		{A0947E7E-FD77-48F2-A036-12520EF72304}.Release|x64.ActiveCfg = Release|Any CPU
		{A0947E7E-FD77-48F2-A036-12520EF72304}.Release|x64.Build.0 = Release|Any CPU
		{A0947E7E-FD77-48F2-A036-12520EF72304}.Release|x86.ActiveCfg = Release|Any CPU
		{A0947E7E-FD77-48F2-A036-12520EF72304}.Release|x86.Build.0 = Release|Any CPU
		{4E78ACB2-8E8A-4012-A751-19B58062EEED}.Debug|Any CPU.ActiveCfg = Debug|Any CPU
		{4E78ACB2-8E8A-4012-A751-19B58062EEED}.Debug|Any CPU.Build.0 = Debug|Any CPU
		{4E78ACB2-8E8A-4012-A751-19B58062EEED}.Debug|x64.ActiveCfg = Debug|Any CPU
		{4E78ACB2-8E8A-4012-A751-19B58062EEED}.Debug|x64.Build.0 = Debug|Any CPU
		{4E78ACB2-8E8A-4012-A751-19B58062EEED}.Debug|x86.ActiveCfg = Debug|Any CPU
		{4E78ACB2-8E8A-4012-A751-19B58062EEED}.Debug|x86.Build.0 = Debug|Any CPU
		{4E78ACB2-8E8A-4012-A751-19B58062EEED}.Release|Any CPU.ActiveCfg = Release|Any CPU
		{4E78ACB2-8E8A-4012-A751-19B58062EEED}.Release|Any CPU.Build.0 = Release|Any CPU
		{4E78ACB2-8E8A-4012-A751-19B58062EEED}.Release|x64.ActiveCfg = Release|Any CPU
		{4E78ACB2-8E8A-4012-A751-19B58062EEED}.Release|x64.Build.0 = Release|Any CPU
		{4E78ACB2-8E8A-4012-A751-19B58062EEED}.Release|x86.ActiveCfg = Release|Any CPU
		{4E78ACB2-8E8A-4012-A751-19B58062EEED}.Release|x86.Build.0 = Release|Any CPU
		{456D6EA5-A30D-466E-B94E-6889858DBC67}.Debug|Any CPU.ActiveCfg = Debug|Any CPU
		{456D6EA5-A30D-466E-B94E-6889858DBC67}.Debug|Any CPU.Build.0 = Debug|Any CPU
		{456D6EA5-A30D-466E-B94E-6889858DBC67}.Debug|x64.ActiveCfg = Debug|Any CPU
		{456D6EA5-A30D-466E-B94E-6889858DBC67}.Debug|x64.Build.0 = Debug|Any CPU
		{456D6EA5-A30D-466E-B94E-6889858DBC67}.Debug|x86.ActiveCfg = Debug|Any CPU
		{456D6EA5-A30D-466E-B94E-6889858DBC67}.Debug|x86.Build.0 = Debug|Any CPU
		{456D6EA5-A30D-466E-B94E-6889858DBC67}.Release|Any CPU.ActiveCfg = Release|Any CPU
		{456D6EA5-A30D-466E-B94E-6889858DBC67}.Release|Any CPU.Build.0 = Release|Any CPU
		{456D6EA5-A30D-466E-B94E-6889858DBC67}.Release|x64.ActiveCfg = Release|Any CPU
		{456D6EA5-A30D-466E-B94E-6889858DBC67}.Release|x64.Build.0 = Release|Any CPU
		{456D6EA5-A30D-466E-B94E-6889858DBC67}.Release|x86.ActiveCfg = Release|Any CPU
		{456D6EA5-A30D-466E-B94E-6889858DBC67}.Release|x86.Build.0 = Release|Any CPU
		{404E61D0-E682-49E9-B7A9-21140D500262}.Debug|Any CPU.ActiveCfg = Debug|Any CPU
		{404E61D0-E682-49E9-B7A9-21140D500262}.Debug|Any CPU.Build.0 = Debug|Any CPU
		{404E61D0-E682-49E9-B7A9-21140D500262}.Debug|x64.ActiveCfg = Debug|Any CPU
		{404E61D0-E682-49E9-B7A9-21140D500262}.Debug|x64.Build.0 = Debug|Any CPU
		{404E61D0-E682-49E9-B7A9-21140D500262}.Debug|x86.ActiveCfg = Debug|Any CPU
		{404E61D0-E682-49E9-B7A9-21140D500262}.Debug|x86.Build.0 = Debug|Any CPU
		{404E61D0-E682-49E9-B7A9-21140D500262}.Release|Any CPU.ActiveCfg = Release|Any CPU
		{404E61D0-E682-49E9-B7A9-21140D500262}.Release|Any CPU.Build.0 = Release|Any CPU
		{404E61D0-E682-49E9-B7A9-21140D500262}.Release|x64.ActiveCfg = Release|Any CPU
		{404E61D0-E682-49E9-B7A9-21140D500262}.Release|x64.Build.0 = Release|Any CPU
		{404E61D0-E682-49E9-B7A9-21140D500262}.Release|x86.ActiveCfg = Release|Any CPU
		{404E61D0-E682-49E9-B7A9-21140D500262}.Release|x86.Build.0 = Release|Any CPU
		{598A9926-B0C7-420C-A963-A5E91BE196C7}.Debug|Any CPU.ActiveCfg = Debug|Any CPU
		{598A9926-B0C7-420C-A963-A5E91BE196C7}.Debug|Any CPU.Build.0 = Debug|Any CPU
		{598A9926-B0C7-420C-A963-A5E91BE196C7}.Debug|x64.ActiveCfg = Debug|Any CPU
		{598A9926-B0C7-420C-A963-A5E91BE196C7}.Debug|x64.Build.0 = Debug|Any CPU
		{598A9926-B0C7-420C-A963-A5E91BE196C7}.Debug|x86.ActiveCfg = Debug|Any CPU
		{598A9926-B0C7-420C-A963-A5E91BE196C7}.Debug|x86.Build.0 = Debug|Any CPU
		{598A9926-B0C7-420C-A963-A5E91BE196C7}.Release|Any CPU.ActiveCfg = Release|Any CPU
		{598A9926-B0C7-420C-A963-A5E91BE196C7}.Release|Any CPU.Build.0 = Release|Any CPU
		{598A9926-B0C7-420C-A963-A5E91BE196C7}.Release|x64.ActiveCfg = Release|Any CPU
		{598A9926-B0C7-420C-A963-A5E91BE196C7}.Release|x64.Build.0 = Release|Any CPU
		{598A9926-B0C7-420C-A963-A5E91BE196C7}.Release|x86.ActiveCfg = Release|Any CPU
		{598A9926-B0C7-420C-A963-A5E91BE196C7}.Release|x86.Build.0 = Release|Any CPU
		{F663CE3E-7DD2-4C4E-B24E-35A00829B3C3}.Debug|Any CPU.ActiveCfg = Debug|Any CPU
		{F663CE3E-7DD2-4C4E-B24E-35A00829B3C3}.Debug|Any CPU.Build.0 = Debug|Any CPU
		{F663CE3E-7DD2-4C4E-B24E-35A00829B3C3}.Debug|x64.ActiveCfg = Debug|Any CPU
		{F663CE3E-7DD2-4C4E-B24E-35A00829B3C3}.Debug|x64.Build.0 = Debug|Any CPU
		{F663CE3E-7DD2-4C4E-B24E-35A00829B3C3}.Debug|x86.ActiveCfg = Debug|Any CPU
		{F663CE3E-7DD2-4C4E-B24E-35A00829B3C3}.Debug|x86.Build.0 = Debug|Any CPU
		{F663CE3E-7DD2-4C4E-B24E-35A00829B3C3}.Release|Any CPU.ActiveCfg = Release|Any CPU
		{F663CE3E-7DD2-4C4E-B24E-35A00829B3C3}.Release|Any CPU.Build.0 = Release|Any CPU
		{F663CE3E-7DD2-4C4E-B24E-35A00829B3C3}.Release|x64.ActiveCfg = Release|Any CPU
		{F663CE3E-7DD2-4C4E-B24E-35A00829B3C3}.Release|x64.Build.0 = Release|Any CPU
		{F663CE3E-7DD2-4C4E-B24E-35A00829B3C3}.Release|x86.ActiveCfg = Release|Any CPU
		{F663CE3E-7DD2-4C4E-B24E-35A00829B3C3}.Release|x86.Build.0 = Release|Any CPU
		{A4FEA2B6-A5BF-4E16-BA52-B490B1478EED}.Debug|Any CPU.ActiveCfg = Debug|Any CPU
		{A4FEA2B6-A5BF-4E16-BA52-B490B1478EED}.Debug|Any CPU.Build.0 = Debug|Any CPU
		{A4FEA2B6-A5BF-4E16-BA52-B490B1478EED}.Debug|x64.ActiveCfg = Debug|Any CPU
		{A4FEA2B6-A5BF-4E16-BA52-B490B1478EED}.Debug|x64.Build.0 = Debug|Any CPU
		{A4FEA2B6-A5BF-4E16-BA52-B490B1478EED}.Debug|x86.ActiveCfg = Debug|Any CPU
		{A4FEA2B6-A5BF-4E16-BA52-B490B1478EED}.Debug|x86.Build.0 = Debug|Any CPU
		{A4FEA2B6-A5BF-4E16-BA52-B490B1478EED}.Release|Any CPU.ActiveCfg = Release|Any CPU
		{A4FEA2B6-A5BF-4E16-BA52-B490B1478EED}.Release|Any CPU.Build.0 = Release|Any CPU
		{A4FEA2B6-A5BF-4E16-BA52-B490B1478EED}.Release|x64.ActiveCfg = Release|Any CPU
		{A4FEA2B6-A5BF-4E16-BA52-B490B1478EED}.Release|x64.Build.0 = Release|Any CPU
		{A4FEA2B6-A5BF-4E16-BA52-B490B1478EED}.Release|x86.ActiveCfg = Release|Any CPU
		{A4FEA2B6-A5BF-4E16-BA52-B490B1478EED}.Release|x86.Build.0 = Release|Any CPU
		{2F7742A4-9A97-4FC6-BBC4-8D0EB4B71657}.Debug|Any CPU.ActiveCfg = Debug|Any CPU
		{2F7742A4-9A97-4FC6-BBC4-8D0EB4B71657}.Debug|Any CPU.Build.0 = Debug|Any CPU
		{2F7742A4-9A97-4FC6-BBC4-8D0EB4B71657}.Debug|x64.ActiveCfg = Debug|Any CPU
		{2F7742A4-9A97-4FC6-BBC4-8D0EB4B71657}.Debug|x64.Build.0 = Debug|Any CPU
		{2F7742A4-9A97-4FC6-BBC4-8D0EB4B71657}.Debug|x86.ActiveCfg = Debug|Any CPU
		{2F7742A4-9A97-4FC6-BBC4-8D0EB4B71657}.Debug|x86.Build.0 = Debug|Any CPU
		{2F7742A4-9A97-4FC6-BBC4-8D0EB4B71657}.Release|Any CPU.ActiveCfg = Release|Any CPU
		{2F7742A4-9A97-4FC6-BBC4-8D0EB4B71657}.Release|Any CPU.Build.0 = Release|Any CPU
		{2F7742A4-9A97-4FC6-BBC4-8D0EB4B71657}.Release|x64.ActiveCfg = Release|Any CPU
		{2F7742A4-9A97-4FC6-BBC4-8D0EB4B71657}.Release|x64.Build.0 = Release|Any CPU
		{2F7742A4-9A97-4FC6-BBC4-8D0EB4B71657}.Release|x86.ActiveCfg = Release|Any CPU
		{2F7742A4-9A97-4FC6-BBC4-8D0EB4B71657}.Release|x86.Build.0 = Release|Any CPU
		{0A18B712-C0D8-47F8-9749-E4DC35D6FBC5}.Debug|Any CPU.ActiveCfg = Debug|Any CPU
		{0A18B712-C0D8-47F8-9749-E4DC35D6FBC5}.Debug|Any CPU.Build.0 = Debug|Any CPU
		{0A18B712-C0D8-47F8-9749-E4DC35D6FBC5}.Debug|x64.ActiveCfg = Debug|Any CPU
		{0A18B712-C0D8-47F8-9749-E4DC35D6FBC5}.Debug|x64.Build.0 = Debug|Any CPU
		{0A18B712-C0D8-47F8-9749-E4DC35D6FBC5}.Debug|x86.ActiveCfg = Debug|Any CPU
		{0A18B712-C0D8-47F8-9749-E4DC35D6FBC5}.Debug|x86.Build.0 = Debug|Any CPU
		{0A18B712-C0D8-47F8-9749-E4DC35D6FBC5}.Release|Any CPU.ActiveCfg = Release|Any CPU
		{0A18B712-C0D8-47F8-9749-E4DC35D6FBC5}.Release|Any CPU.Build.0 = Release|Any CPU
		{0A18B712-C0D8-47F8-9749-E4DC35D6FBC5}.Release|x64.ActiveCfg = Release|Any CPU
		{0A18B712-C0D8-47F8-9749-E4DC35D6FBC5}.Release|x64.Build.0 = Release|Any CPU
		{0A18B712-C0D8-47F8-9749-E4DC35D6FBC5}.Release|x86.ActiveCfg = Release|Any CPU
		{0A18B712-C0D8-47F8-9749-E4DC35D6FBC5}.Release|x86.Build.0 = Release|Any CPU
		{DE1A1B44-03D2-4B3B-A555-48928C5CC32C}.Debug|Any CPU.ActiveCfg = Debug|Any CPU
		{DE1A1B44-03D2-4B3B-A555-48928C5CC32C}.Debug|Any CPU.Build.0 = Debug|Any CPU
		{DE1A1B44-03D2-4B3B-A555-48928C5CC32C}.Debug|x64.ActiveCfg = Debug|Any CPU
		{DE1A1B44-03D2-4B3B-A555-48928C5CC32C}.Debug|x64.Build.0 = Debug|Any CPU
		{DE1A1B44-03D2-4B3B-A555-48928C5CC32C}.Debug|x86.ActiveCfg = Debug|Any CPU
		{DE1A1B44-03D2-4B3B-A555-48928C5CC32C}.Debug|x86.Build.0 = Debug|Any CPU
		{DE1A1B44-03D2-4B3B-A555-48928C5CC32C}.Release|Any CPU.ActiveCfg = Release|Any CPU
		{DE1A1B44-03D2-4B3B-A555-48928C5CC32C}.Release|Any CPU.Build.0 = Release|Any CPU
		{DE1A1B44-03D2-4B3B-A555-48928C5CC32C}.Release|x64.ActiveCfg = Release|Any CPU
		{DE1A1B44-03D2-4B3B-A555-48928C5CC32C}.Release|x64.Build.0 = Release|Any CPU
		{DE1A1B44-03D2-4B3B-A555-48928C5CC32C}.Release|x86.ActiveCfg = Release|Any CPU
		{DE1A1B44-03D2-4B3B-A555-48928C5CC32C}.Release|x86.Build.0 = Release|Any CPU
		{385789AC-1EC2-4CF2-B083-41B41201EDAE}.Debug|Any CPU.ActiveCfg = Debug|Any CPU
		{385789AC-1EC2-4CF2-B083-41B41201EDAE}.Debug|Any CPU.Build.0 = Debug|Any CPU
		{385789AC-1EC2-4CF2-B083-41B41201EDAE}.Debug|x64.ActiveCfg = Debug|Any CPU
		{385789AC-1EC2-4CF2-B083-41B41201EDAE}.Debug|x64.Build.0 = Debug|Any CPU
		{385789AC-1EC2-4CF2-B083-41B41201EDAE}.Debug|x86.ActiveCfg = Debug|Any CPU
		{385789AC-1EC2-4CF2-B083-41B41201EDAE}.Debug|x86.Build.0 = Debug|Any CPU
		{385789AC-1EC2-4CF2-B083-41B41201EDAE}.Release|Any CPU.ActiveCfg = Release|Any CPU
		{385789AC-1EC2-4CF2-B083-41B41201EDAE}.Release|Any CPU.Build.0 = Release|Any CPU
		{385789AC-1EC2-4CF2-B083-41B41201EDAE}.Release|x64.ActiveCfg = Release|Any CPU
		{385789AC-1EC2-4CF2-B083-41B41201EDAE}.Release|x64.Build.0 = Release|Any CPU
		{385789AC-1EC2-4CF2-B083-41B41201EDAE}.Release|x86.ActiveCfg = Release|Any CPU
		{385789AC-1EC2-4CF2-B083-41B41201EDAE}.Release|x86.Build.0 = Release|Any CPU
		{1EE179AC-871E-49D0-84A9-84F66E474D2F}.Debug|Any CPU.ActiveCfg = Debug|Any CPU
		{1EE179AC-871E-49D0-84A9-84F66E474D2F}.Debug|Any CPU.Build.0 = Debug|Any CPU
		{1EE179AC-871E-49D0-84A9-84F66E474D2F}.Debug|x64.ActiveCfg = Debug|Any CPU
		{1EE179AC-871E-49D0-84A9-84F66E474D2F}.Debug|x64.Build.0 = Debug|Any CPU
		{1EE179AC-871E-49D0-84A9-84F66E474D2F}.Debug|x86.ActiveCfg = Debug|Any CPU
		{1EE179AC-871E-49D0-84A9-84F66E474D2F}.Debug|x86.Build.0 = Debug|Any CPU
		{1EE179AC-871E-49D0-84A9-84F66E474D2F}.Release|Any CPU.ActiveCfg = Release|Any CPU
		{1EE179AC-871E-49D0-84A9-84F66E474D2F}.Release|Any CPU.Build.0 = Release|Any CPU
		{1EE179AC-871E-49D0-84A9-84F66E474D2F}.Release|x64.ActiveCfg = Release|Any CPU
		{1EE179AC-871E-49D0-84A9-84F66E474D2F}.Release|x64.Build.0 = Release|Any CPU
		{1EE179AC-871E-49D0-84A9-84F66E474D2F}.Release|x86.ActiveCfg = Release|Any CPU
		{1EE179AC-871E-49D0-84A9-84F66E474D2F}.Release|x86.Build.0 = Release|Any CPU
		{9ACD403E-1C87-4C86-96C8-BBC1A324996E}.Debug|Any CPU.ActiveCfg = Debug|Any CPU
		{9ACD403E-1C87-4C86-96C8-BBC1A324996E}.Debug|Any CPU.Build.0 = Debug|Any CPU
		{9ACD403E-1C87-4C86-96C8-BBC1A324996E}.Debug|x64.ActiveCfg = Debug|Any CPU
		{9ACD403E-1C87-4C86-96C8-BBC1A324996E}.Debug|x64.Build.0 = Debug|Any CPU
		{9ACD403E-1C87-4C86-96C8-BBC1A324996E}.Debug|x86.ActiveCfg = Debug|Any CPU
		{9ACD403E-1C87-4C86-96C8-BBC1A324996E}.Debug|x86.Build.0 = Debug|Any CPU
		{9ACD403E-1C87-4C86-96C8-BBC1A324996E}.Release|Any CPU.ActiveCfg = Release|Any CPU
		{9ACD403E-1C87-4C86-96C8-BBC1A324996E}.Release|Any CPU.Build.0 = Release|Any CPU
		{9ACD403E-1C87-4C86-96C8-BBC1A324996E}.Release|x64.ActiveCfg = Release|Any CPU
		{9ACD403E-1C87-4C86-96C8-BBC1A324996E}.Release|x64.Build.0 = Release|Any CPU
		{9ACD403E-1C87-4C86-96C8-BBC1A324996E}.Release|x86.ActiveCfg = Release|Any CPU
		{9ACD403E-1C87-4C86-96C8-BBC1A324996E}.Release|x86.Build.0 = Release|Any CPU
	EndGlobalSection
	GlobalSection(SolutionProperties) = preSolution
		HideSolutionNode = FALSE
	EndGlobalSection
	GlobalSection(ExtensibilityGlobals) = postSolution
		SolutionGuid = {128FA913-2A83-4175-8111-7EE57B9B2DFA}
	EndGlobalSection
EndGlobal
